
Microsoft Visual Studio Solution File, Format Version 12.00
# Visual Studio Version 17
VisualStudioVersion = 17.2.32526.322
MinimumVisualStudioVersion = 10.0.40219.1
Project("{FAE04EC0-301F-11D3-BF4B-00C04F79EFBC}") = "GoFDesignPatterns.API", "GoFDesignPatterns.API\GoFDesignPatterns.API.csproj", "{254B91DE-7A88-43CB-8BB2-AC2C9DE491D9}"
EndProject
Project("{FAE04EC0-301F-11D3-BF4B-00C04F79EFBC}") = "GoFDesignPatterns.Creational", "GoFDesignPatterns.Creational\GoFDesignPatterns.Creational.csproj", "{806971B5-217A-4FBE-8C28-9BE9713C610B}"
EndProject
Global
	GlobalSection(SolutionConfigurationPlatforms) = preSolution
		Debug|Any CPU = Debug|Any CPU
		Release|Any CPU = Release|Any CPU
	EndGlobalSection
	GlobalSection(ProjectConfigurationPlatforms) = postSolution
		{254B91DE-7A88-43CB-8BB2-AC2C9DE491D9}.Debug|Any CPU.ActiveCfg = Debug|Any CPU
		{254B91DE-7A88-43CB-8BB2-AC2C9DE491D9}.Debug|Any CPU.Build.0 = Debug|Any CPU
		{254B91DE-7A88-43CB-8BB2-AC2C9DE491D9}.Release|Any CPU.ActiveCfg = Release|Any CPU
		{254B91DE-7A88-43CB-8BB2-AC2C9DE491D9}.Release|Any CPU.Build.0 = Release|Any CPU
		{806971B5-217A-4FBE-8C28-9BE9713C610B}.Debug|Any CPU.ActiveCfg = Debug|Any CPU
		{806971B5-217A-4FBE-8C28-9BE9713C610B}.Debug|Any CPU.Build.0 = Debug|Any CPU
		{806971B5-217A-4FBE-8C28-9BE9713C610B}.Release|Any CPU.ActiveCfg = Release|Any CPU
		{806971B5-217A-4FBE-8C28-9BE9713C610B}.Release|Any CPU.Build.0 = Release|Any CPU
	EndGlobalSection
	GlobalSection(SolutionProperties) = preSolution
		HideSolutionNode = FALSE
	EndGlobalSection
	GlobalSection(ExtensibilityGlobals) = postSolution
		SolutionGuid = {0ADE1330-BA73-4E72-978C-6AD389C54863}
	EndGlobalSection
EndGlobal
